Microsoft Visual Studio Solution File, Format Version 12.00
# Visual Studio Version 17
VisualStudioVersion = 17.5.2.0
MinimumVisualStudioVersion = 10.0.40219.1
Project("{FAE04EC0-301F-11D3-BF4B-00C04F79EFBC}") = "Student-MVC", "Student-MVC.csproj", "{BAA61A1C-483C-79BC-EF0A-73183A4BDD2D}"
EndProject
Global
	GlobalSection(SolutionConfigurationPlatforms) = preSolution
		Debug|Any CPU = Debug|Any CPU
		Release|Any CPU = Release|Any CPU
	EndGlobalSection
	GlobalSection(ProjectConfigurationPlatforms) = postSolution
		{BAA61A1C-483C-79BC-EF0A-73183A4BDD2D}.Debug|Any CPU.ActiveCfg = Debug|Any CPU
		{BAA61A1C-483C-79BC-EF0A-73183A4BDD2D}.Debug|Any CPU.Build.0 = Debug|Any CPU
		{BAA61A1C-483C-79BC-EF0A-73183A4BDD2D}.Release|Any CPU.ActiveCfg = Release|Any CPU
		{BAA61A1C-483C-79BC-EF0A-73183A4BDD2D}.Release|Any CPU.Build.0 = Release|Any CPU
	EndGlobalSection
	GlobalSection(SolutionProperties) = preSolution
		HideSolutionNode = FALSE
	EndGlobalSection
	GlobalSection(ExtensibilityGlobals) = postSolution
		SolutionGuid = {375DD938-6048-4353-AD6F-4E63D9C2016F}
	EndGlobalSection
EndGlobal
